
Microsoft Visual Studio Solution File, Format Version 12.00
# Visual Studio Version 16
VisualStudioVersion = 16.0.30711.63
MinimumVisualStudioVersion = 10.0.40219.1
Project("{FAE04EC0-301F-11D3-BF4B-00C04F79EFBC}") = "Git-Back", "Git-Back.csproj", "{90C68F91-2255-4035-AAA1-9A78CA790B54}"
EndProject
Global
	GlobalSection(SolutionConfigurationPlatforms) = preSolution
		Debug|Any CPU = Debug|Any CPU
		Release|Any CPU = Release|Any CPU
	EndGlobalSection
	GlobalSection(ProjectConfigurationPlatforms) = postSolution
		{90C68F91-2255-4035-AAA1-9A78CA790B54}.Debug|Any CPU.ActiveCfg = Debug|Any CPU
		{90C68F91-2255-4035-AAA1-9A78CA790B54}.Debug|Any CPU.Build.0 = Debug|Any CPU
		{90C68F91-2255-4035-AAA1-9A78CA790B54}.Release|Any CPU.ActiveCfg = Release|Any CPU
		{90C68F91-2255-4035-AAA1-9A78CA790B54}.Release|Any CPU.Build.0 = Release|Any CPU
	EndGlobalSection
	GlobalSection(SolutionProperties) = preSolution
		HideSolutionNode = FALSE
	EndGlobalSection
	GlobalSection(ExtensibilityGlobals) = postSolution
		SolutionGuid = {09043B66-7943-4FCF-9EB9-031A757837C5}
	EndGlobalSection
EndGlobal
